dependencies:
- name: valkey
  repository: https://valkey.io/valkey-helm
  version: 0.9.3
- name: elasticsearch
  repository: https://charts.bitnami.com/bitnami
  version: 21.3.2
digest: sha256:3fd0572aa4d9f0288262c7836a5db0e2a5de57b82c34ed3c59f7b477ee22de7e
generated: "2026-02-26T11:40:31.477479744+02:00"
