dependencies:
- name: redis
  repository: https://charts.bitnami.com/bitnami
  version: 19.1.5
- name: elasticsearch
  repository: oci://registry-1.docker.io/bitnamicharts
  version: 21.0.1
digest: sha256:92fc4f8c77911466411317deea56fbfd401bc60693d973da49bd0b276baefda9
generated: "2024-05-03T11:29:23.536301778+03:00"
